# This file was autogenerated by uv via the following command:
#    uv pip compile requirements.txt -o requirements.lock
aiohappyeyeballs==2.4.4
    # via aiohttp
aiohttp==3.11.10
    # via -r requirements.txt
aiosignal==1.3.1
    # via aiohttp
attrs==24.2.0
    # via aiohttp
frozenlist==1.5.0
    # via
    #   aiohttp
    #   aiosignal
idna==3.10
    # via yarl
multidict==6.1.0
    # via
    #   aiohttp
    #   yarl
propcache==0.2.1
    # via
    #   aiohttp
    #   yarl
pyaes==1.6.1
    # via telethon
pyasn1==0.6.1
    # via rsa
python-dotenv==1.0.1
    # via -r requirements.txt
rsa==4.9
    # via telethon
telethon==1.38.1
    # via -r requirements.txt
yarl==1.18.3
    # via aiohttp
